
Microsoft Visual Studio Solution File, Format Version 12.00
# Visual Studio Version 16
VisualStudioVersion = 16.0.29102.190
MinimumVisualStudioVersion = 10.0.40219.1
Project("{9A19103F-16F7-4668-BE54-9A1E7A4F7556}") = "LibHac", "src\LibHac\LibHac.csproj", "{FFCA6C31-D9D4-4ED8-A06D-0CC6B94422B8}"
EndProject
Project("{9A19103F-16F7-4668-BE54-9A1E7A4F7556}") = "hactoolnet", "src\hactoolnet\hactoolnet.csproj", "{B1633A64-125F-40A3-9E15-654B4DE5FD98}"
EndProject
Project("{9A19103F-16F7-4668-BE54-9A1E7A4F7556}") = "LibHac.Tests", "tests\LibHac.Tests\LibHac.Tests.csproj", "{679C89BD-5FDF-4CC2-9129-ABABD759035B}"
EndProject
Project("{9A19103F-16F7-4668-BE54-9A1E7A4F7556}") = "_build", "build\_build.csproj", "{C7150117-90B8-4083-8141-BBC35C9F44F6}"
EndProject
Project("{9A19103F-16F7-4668-BE54-9A1E7A4F7556}") = "_buildCodeGen", "build\CodeGen\_buildCodeGen.csproj", "{93B175E1-F12F-4A8C-85CA-CAC74691102A}"
	ProjectSection(ProjectDependencies) = postProject
		{FFCA6C31-D9D4-4ED8-A06D-0CC6B94422B8} = {FFCA6C31-D9D4-4ED8-A06D-0CC6B94422B8}
	EndProjectSection
EndProject
Global
	GlobalSection(SolutionConfigurationPlatforms) = preSolution
		Debug|Any CPU = Debug|Any CPU
		Release|Any CPU = Release|Any CPU
	EndGlobalSection
	GlobalSection(ProjectConfigurationPlatforms) = postSolution
		{FFCA6C31-D9D4-4ED8-A06D-0CC6B94422B8}.Debug|Any CPU.ActiveCfg = Debug|Any CPU
		{FFCA6C31-D9D4-4ED8-A06D-0CC6B94422B8}.Debug|Any CPU.Build.0 = Debug|Any CPU
		{FFCA6C31-D9D4-4ED8-A06D-0CC6B94422B8}.Release|Any CPU.ActiveCfg = Release|Any CPU
		{FFCA6C31-D9D4-4ED8-A06D-0CC6B94422B8}.Release|Any CPU.Build.0 = Release|Any CPU
		{B1633A64-125F-40A3-9E15-654B4DE5FD98}.Debug|Any CPU.ActiveCfg = Debug|Any CPU
		{B1633A64-125F-40A3-9E15-654B4DE5FD98}.Debug|Any CPU.Build.0 = Debug|Any CPU
		{B1633A64-125F-40A3-9E15-654B4DE5FD98}.Release|Any CPU.ActiveCfg = Release|Any CPU
		{B1633A64-125F-40A3-9E15-654B4DE5FD98}.Release|Any CPU.Build.0 = Release|Any CPU
		{679C89BD-5FDF-4CC2-9129-ABABD759035B}.Debug|Any CPU.ActiveCfg = Debug|Any CPU
		{679C89BD-5FDF-4CC2-9129-ABABD759035B}.Debug|Any CPU.Build.0 = Debug|Any CPU
		{679C89BD-5FDF-4CC2-9129-ABABD759035B}.Release|Any CPU.ActiveCfg = Release|Any CPU
		{679C89BD-5FDF-4CC2-9129-ABABD759035B}.Release|Any CPU.Build.0 = Release|Any CPU
		{C7150117-90B8-4083-8141-BBC35C9F44F6}.Debug|Any CPU.ActiveCfg = Debug|Any CPU
		{C7150117-90B8-4083-8141-BBC35C9F44F6}.Release|Any CPU.ActiveCfg = Release|Any CPU
		{93B175E1-F12F-4A8C-85CA-CAC74691102A}.Debug|Any CPU.ActiveCfg = Debug|Any CPU
		{93B175E1-F12F-4A8C-85CA-CAC74691102A}.Release|Any CPU.ActiveCfg = Release|Any CPU
	EndGlobalSection
	GlobalSection(SolutionProperties) = preSolution
		HideSolutionNode = FALSE
	EndGlobalSection
	GlobalSection(ExtensibilityGlobals) = postSolution
		SolutionGuid = {34FFB415-7E00-49BB-B0BA-46A0ACB1D0C8}
	EndGlobalSection
EndGlobal
